// !$*UTF8*$!
{
	archiveVersion = 1;
	classes = {
	};
	objectVersion = 46;
	objects = {

/* Begin PBXBuildFile section */
		463BCA581C34DAEB005D6E28 /* Starjedi.ttf in Resources */ = {isa = PBXBuildFile; fileRef = 463BCA571C34DAEB005D6E28 /* Starjedi.ttf */; };
		46548C4A1C3777AF00C97D84 /* btn.wav in Resources */ = {isa = PBXBuildFile; fileRef = 46548C491C3777AF00C97D84 /* btn.wav */; };
		4672B7A11C34C403007387F4 /* AppDelegate.swift in Sources */ = {isa = PBXBuildFile; fileRef = 4672B7A01C34C403007387F4 /* AppDelegate.swift */; };
		4672B7A31C34C403007387F4 /* ViewController.swift in Sources */ = {isa = PBXBuildFile; fileRef = 4672B7A21C34C403007387F4 /* ViewController.swift */; };
		4672B7A61C34C403007387F4 /* Main.storyboard in Resources */ = {isa = PBXBuildFile; fileRef = 4672B7A41C34C403007387F4 /* Main.storyboard */; };
		4672B7A81C34C403007387F4 /* Assets.xcassets in Resources */ = {isa = PBXBuildFile; fileRef = 4672B7A71C34C403007387F4 /* Assets.xcassets */; };
		4672B7AB1C34C403007387F4 /* LaunchScreen.storyboard in Resources */ = {isa = PBXBuildFile; fileRef = 4672B7A91C34C403007387F4 /* LaunchScreen.storyboard */; };
/* End PBXBuildFile section */

/* Begin PBXFileReference section */
		463BCA571C34DAEB005D6E28 /* Starjedi.ttf */ = {isa = PBXFileReference; lastKnownFileType = file; path = Starjedi.ttf; sourceTree = "<group>"; };
		46548C491C3777AF00C97D84 /* btn.wav */ = {isa = PBXFileReference; lastKnownFileType = audio.wav; path = btn.wav; sourceTree = "<group>"; };
		4672B79D1C34C403007387F4 /* calculator.app */ = {isa = PBXFileReference; explicitFileType = wrapper.application; includeInIndex = 0; path = calculator.app; sourceTree = BUILT_PRODUCTS_DIR; };
		4672B7A01C34C403007387F4 /* AppDelegate.swift */ = {isa = PBXFileReference; lastKnownFileType = sourcecode.swift; path = AppDelegate.swift; sourceTree = "<group>"; };
		4672B7A21C34C403007387F4 /* ViewController.swift */ = {isa = PBXFileReference; lastKnownFileType = sourcecode.swift; path = ViewController.swift; sourceTree = "<group>"; };
		4672B7A51C34C403007387F4 /* Base */ = {isa = PBXFileReference; lastKnownFileType = file.storyboard; name = Base; path = Base.lproj/Main.storyboard; sourceTree = "<group>"; };
		4672B7A71C34C403007387F4 /* Assets.xcassets */ = {isa = PBXFileReference; lastKnownFileType = folder.assetcatalog; path = Assets.xcassets; sourceTree = "<group>"; };
		4672B7AA1C34C403007387F4 /* Base */ = {isa = PBXFileReference; lastKnownFileType = file.storyboard; name = Base; path = Base.lproj/LaunchScreen.storyboard; sourceTree = "<group>"; };
		4672B7AC1C34C403007387F4 /* Info.plist */ = {isa = PBXFileReference; lastKnownFileType = text.plist.xml; path = Info.plist; sourceTree = "<group>"; };
/* End PBXFileReference section */

/* Begin PBXFrameworksBuildPhase section */
		4672B79A1C34C403007387F4 /* Frameworks */ = {
			isa = PBXFrameworksBuildPhase;
			buildActionMask = 2147483647;
			files = (
			);
			runOnlyForDeploymentPostprocessing = 0;
		};
/* End PBXFrameworksBuildPhase section */

/* Begin PBXGroup section */
		4672B7941C34C403007387F4 = {
			isa = PBXGroup;
			children = (
				4672B79F1C34C403007387F4 /* calculator */,
				4672B79E1C34C403007387F4 /* Products */,
			);
			sourceTree = "<group>";
		};
		4672B79E1C34C403007387F4 /* Products */ = {
			isa = PBXGroup;
			children = (
				4672B79D1C34C403007387F4 /* calculator.app */,
			);
			name = Products;
			sourceTree = "<group>";
		};
		4672B79F1C34C403007387F4 /* calculator */ = {
			isa = PBXGroup;
			children = (
				46548C491C3777AF00C97D84 /* btn.wav */,
				463BCA571C34DAEB005D6E28 /* Starjedi.ttf */,
				4672B7A01C34C403007387F4 /* AppDelegate.swift */,
				4672B7A21C34C403007387F4 /* ViewController.swift */,
				4672B7A41C34C403007387F4 /* Main.storyboard */,
				4672B7A71C34C403007387F4 /* Assets.xcassets */,
				4672B7A91C34C403007387F4 /* LaunchScreen.storyboard */,
				4672B7AC1C34C403007387F4 /* Info.plist */,
			);
			path = calculator;
			sourceTree = "<group>";
		};
/* End PBXGroup section */

/* Begin PBXNativeTarget section */
		4672B79C1C34C403007387F4 /* calculator */ = {
			isa = PBXNativeTarget;
			buildConfigurationList = 4672B7AF1C34C403007387F4 /* Build configuration list for PBXNativeTarget "calculator" */;
			buildPhases = (
				4672B7991C34C403007387F4 /* Sources */,
				4672B79A1C34C403007387F4 /* Frameworks */,
				4672B79B1C34C403007387F4 /* Resources */,
			);
			buildRules = (
			);
			dependencies = (
			);
			name = calculator;
			productName = calculator;
			productReference = 4672B79D1C34C403007387F4 /* calculator.app */;
			productType = "com.apple.product-type.application";
		};
/* End PBXNativeTarget section */

/* Begin PBXProject section */
		4672B7951C34C403007387F4 /* Project object */ = {
			isa = PBXProject;
			attributes = {
				LastSwiftUpdateCheck = 0720;
				LastUpgradeCheck = 0720;
				ORGANIZATIONNAME = "Eric Benoit";
				TargetAttributes = {
					4672B79C1C34C403007387F4 = {
						CreatedOnToolsVersion = 7.2;
					};
				};
			};
			buildConfigurationList = 4672B7981C34C403007387F4 /* Build configuration list for PBXProject "calculator" */;
			compatibilityVersion = "Xcode 3.2";
			developmentRegion = English;
			hasScannedForEncodings = 0;
			knownRegions = (
				en,
				Base,
			);
			mainGroup = 4672B7941C34C403007387F4;
			productRefGroup = 4672B79E1C34C403007387F4 /* Products */;
			projectDirPath = "";
			projectRoot = "";
			targets = (
				4672B79C1C34C403007387F4 /* calculator */,
			);
		};
/* End PBXProject section */

/* Begin PBXResourcesBuildPhase section */
		4672B79B1C34C403007387F4 /* Resources */ = {
			isa = PBXResourcesBuildPhase;
			buildActionMask = 2147483647;
			files = (
				46548C4A1C3777AF00C97D84 /* btn.wav in Resources */,
				4672B7AB1C34C403007387F4 /* LaunchScreen.storyboard in Resources */,
				4672B7A81C34C403007387F4 /* Assets.xcassets in Resources */,
				463BCA581C34DAEB005D6E28 /* Starjedi.ttf in Resources */,
				4672B7A61C34C403007387F4 /* Main.storyboard in Resources */,
			);
			runOnlyForDeploymentPostprocessing = 0;
		};
/* End PBXResourcesBuildPhase section */

/* Begin PBXSourcesBuildPhase section */
		4672B7991C34C403007387F4 /* Sources */ = {
			isa = PBXSourcesBuildPhase;
			buildActionMask = 2147483647;
			files = (
				4672B7A31C34C403007387F4 /* ViewController.swift in Sources */,
				4672B7A11C34C403007387F4 /* AppDelegate.swift in Sources */,
			);
			runOnlyForDeploymentPostprocessing = 0;
		};
/* End PBXSourcesBuildPhase section */

/* Begin PBXVariantGroup section */
		4672B7A41C34C403007387F4 /* Main.storyboard */ = {
			isa = PBXVariantGroup;
			children = (
				4672B7A51C34C403007387F4 /* Base */,
			);
			name = Main.storyboard;
			sourceTree = "<group>";
		};
		4672B7A91C34C403007387F4 /* LaunchScreen.storyboard */ = {
			isa = PBXVariantGroup;
			children = (
				4672B7AA1C34C403007387F4 /* Base */,
			);
			name = LaunchScreen.storyboard;
			sourceTree = "<group>";
		};
/* End PBXVariantGroup section */

/* Begin XCBuildConfiguration section */
		4672B7AD1C34C403007387F4 /* Debug */ = {
			isa = XCBuildConfiguration;
			buildSettings = {
				ALWAYS_SEARCH_USER_PATHS = NO;
				CLANG_CXX_LANGUAGE_STANDARD = "gnu++0x";
				CLANG_CXX_LIBRARY = "libc++";
				CLANG_ENABLE_MODULES = YES;
				CLANG_ENABLE_OBJC_ARC = YES;
				CLANG_WARN_BOOL_CONVERSION = YES;
				CLANG_WARN_CONSTANT_CONVERSION = YES;
				CLANG_WARN_DIRECT_OBJC_ISA_USAGE = YES_ERROR;
				CLANG_WARN_EMPTY_BODY = YES;
				CLANG_WARN_ENUM_CONVERSION = YES;
				CLANG_WARN_INT_CONVERSION = YES;
				CLANG_WARN_OBJC_ROOT_CLASS = YES_ERROR;
				CLANG_WARN_UNREACHABLE_CODE = YES;
				CLANG_WARN__DUPLICATE_METHOD_MATCH = YES;
				"CODE_SIGN_IDENTITY[sdk=iphoneos*]" = "iPhone Developer";
				COPY_PHASE_STRIP = NO;
				DEBUG_INFORMATION_FORMAT = dwarf;
				ENABLE_STRICT_OBJC_MSGSEND = YES;
				ENABLE_TESTABILITY = YES;
				GCC_C_LANGUAGE_STANDARD = gnu99;
				GCC_DYNAMIC_NO_PIC = NO;
				GCC_NO_COMMON_BLOCKS = YES;
				GCC_OPTIMIZATION_LEVEL = 0;
				GCC_PREPROCESSOR_DEFINITIONS = (
					"DEBUG=1",
					"$(inherited)",
				);
				GCC_WARN_64_TO_32_BIT_CONVERSION = YES;
				GCC_WARN_ABOUT_RETURN_TYPE = YES_ERROR;
				GCC_WARN_UNDECLARED_SELECTOR = YES;
				GCC_WARN_UNINITIALIZED_AUTOS = YES_AGGRESSIVE;
				GCC_WARN_UNUSED_FUNCTION = YES;
				GCC_WARN_UNUSED_VARIABLE = YES;
				IPHONEOS_DEPLOYMENT_TARGET = 9.2;
				MTL_ENABLE_DEBUG_INFO = YES;
				ONLY_ACTIVE_ARCH = YES;
				SDKROOT = iphoneos;
				SWIFT_OPTIMIZATION_LEVEL = "-Onone";
				TARGETED_DEVICE_FAMILY = "1,2";
			};
			name = Debug;
		};
		4672B7AE1C34C403007387F4 /* Release */ = {
			isa = XCBuildConfiguration;
			buildSettings = {
				ALWAYS_SEARCH_USER_PATHS = NO;
				CLANG_CXX_LANGUAGE_STANDARD = "gnu++0x";
				CLANG_CXX_LIBRARY = "libc++";
				CLANG_ENABLE_MODULES = YES;
				CLANG_ENABLE_OBJC_ARC = YES;
				CLANG_WARN_BOOL_CONVERSION = YES;
				CLANG_WARN_CONSTANT_CONVERSION = YES;
				CLANG_WARN_DIRECT_OBJC_ISA_USAGE = YES_ERROR;
				CLANG_WARN_EMPTY_BODY = YES;
				CLANG_WARN_ENUM_CONVERSION = YES;
				CLANG_WARN_INT_CONVERSION = YES;
				CLANG_WARN_OBJC_ROOT_CLASS = YES_ERROR;
				CLANG_WARN_UNREACHABLE_CODE = YES;
				CLANG_WARN__DUPLICATE_METHOD_MATCH = YES;
				"CODE_SIGN_IDENTITY[sdk=iphoneos*]" = "iPhone Developer";
				COPY_PHASE_STRIP = NO;
				DEBUG_INFORMATION_FORMAT = "dwarf-with-dsym";
				ENABLE_NS_ASSERTIONS = NO;
				ENABLE_STRICT_OBJC_MSGSEND = YES;
				GCC_C_LANGUAGE_STANDARD = gnu99;
				GCC_NO_COMMON_BLOCKS = YES;
				GCC_WARN_64_TO_32_BIT_CONVERSION = YES;
				GCC_WARN_ABOUT_RETURN_TYPE = YES_ERROR;
				GCC_WARN_UNDECLARED_SELECTOR = YES;
				GCC_WARN_UNINITIALIZED_AUTOS = YES_AGGRESSIVE;
				GCC_WARN_UNUSED_FUNCTION = YES;
				GCC_WARN_UNUSED_VARIABLE = YES;
				IPHONEOS_DEPLOYMENT_TARGET = 9.2;
				MTL_ENABLE_DEBUG_INFO = NO;
				SDKROOT = iphoneos;
				TARGETED_DEVICE_FAMILY = "1,2";
				VALIDATE_PRODUCT = YES;
			};
			name = Release;
		};
		4672B7B01C34C403007387F4 /* Debug */ = {
			isa = XCBuildConfiguration;
			buildSettings = {
				ASSETCATALOG_COMPILER_APPICON_NAME = AppIcon;
				INFOPLIST_FILE = calculator/Info.plist;
				LD_RUNPATH_SEARCH_PATHS = "$(inherited) @executable_path/Frameworks";
				PRODUCT_BUNDLE_IDENTIFIER = com.eric.calculator;
				PRODUCT_NAME = "$(TARGET_NAME)";
			};
			name = Debug;
		};
		4672B7B11C34C403007387F4 /* Release */ = {
			isa = XCBuildConfiguration;
			buildSettings = {
				ASSETCATALOG_COMPILER_APPICON_NAME = AppIcon;
				INFOPLIST_FILE = calculator/Info.plist;
				LD_RUNPATH_SEARCH_PATHS = "$(inherited) @executable_path/Frameworks";
				PRODUCT_BUNDLE_IDENTIFIER = com.eric.calculator;
				PRODUCT_NAME = "$(TARGET_NAME)";
			};
			name = Release;
		};
/* End XCBuildConfiguration section */

/* Begin XCConfigurationList section */
		4672B7981C34C403007387F4 /* Build configuration list for PBXProject "calculator" */ = {
			isa = XCConfigurationList;
			buildConfigurations = (
				4672B7AD1C34C403007387F4 /* Debug */,
				4672B7AE1C34C403007387F4 /* Release */,
			);
			defaultConfigurationIsVisible = 0;
			defaultConfigurationName = Release;
		};
		4672B7AF1C34C403007387F4 /* Build configuration list for PBXNativeTarget "calculator" */ = {
			isa = XCConfigurationList;
			buildConfigurations = (
				4672B7B01C34C403007387F4 /* Debug */,
				4672B7B11C34C403007387F4 /* Release */,
			);
			defaultConfigurationIsVisible = 0;
			defaultConfigurationName = Release;
		};
/* End XCConfigurationList section */
	};
	rootObject = 4672B7951C34C403007387F4 /* Project object */;
}
